<?xml version="1.0" encoding="utf-8"?>
<Project ToolsVersion="4.0" xmlns="http://schemas.microsoft.com/developer/msbuild/2003">
  <ItemGroup>
    <Filter Include="Source Files">
      <UniqueIdentifier>{4FC737F1-C7A5-4376-A066-2A32D752A2FF}</UniqueIdentifier>
      <Extensions>cpp;c;cc;cxx;def;odl;idl;hpj;bat;asm;asmx</Extensions>
    </Filter>
    <Filter Include="Header Files">
      <UniqueIdentifier>{93995380-89BD-4b04-88EB-625FBE52EBFB}</UniqueIdentifier>
      <Extensions>h;hpp;hxx;hm;inl;inc;xsd</Extensions>
    </Filter>
    <Filter Include="Resource Files">
      <UniqueIdentifier>{67DA6AB6-F800-4c08-8B7A-83BB121AAD01}</UniqueIdentifier>
      <Extensions>rc;ico;cur;bmp;dlg;rc2;rct;bin;rgs;gif;jpg;jpeg;jpe;resx;tiff;tif;png;wav;mfcribbon-ms</Extensions>
    </Filter>
  </ItemGroup>
  <ItemGroup>
    <None Include="ReadMe.txt" />
  </ItemGroup>
  <ItemGroup>
    <ClInclude Include="src\cli.hxx">
      <Filter>Header Files</Filter>
    </ClInclude>
    <ClInclude Include="src\geometry\vector2d.hpp">
      <Filter>Header Files</Filter>
    </ClInclude>
    <ClInclude Include="src\help.h">
      <Filter>Header Files</Filter>
    </ClInclude>
    <ClInclude Include="src\hotfixes.h">
      <Filter>Header Files</Filter>
    </ClInclude>
    <ClInclude Include="src\main_window.hpp">
      <Filter>Header Files</Filter>
    </ClInclude>
    <ClInclude Include="src\physics\body2d.hpp">
      <Filter>Header Files</Filter>
    </ClInclude>
    <ClInclude Include="src\physics\physics2d.hpp">
      <Filter>Header Files</Filter>
    </ClInclude>
    <ClInclude Include="src\physics\physics2dsolver.hpp">
      <Filter>Header Files</Filter>
    </ClInclude>
    <ClInclude Include="src\physics\solvers\adams_bashforth.hpp">
      <Filter>Header Files</Filter>
    </ClInclude>
    <ClInclude Include="src\physics\solvers\adams_moulton.hpp">
      <Filter>Header Files</Filter>
    </ClInclude>
    <ClInclude Include="src\physics\solvers\built_in.hpp">
      <Filter>Header Files</Filter>
    </ClInclude>
    <ClInclude Include="src\physics\solvers\euler.hpp">
      <Filter>Header Files</Filter>
    </ClInclude>
    <ClInclude Include="src\physics\solvers\multistep.hpp">
      <Filter>Header Files</Filter>
    </ClInclude>
    <ClInclude Include="src\physics\solvers\one_step.hpp">
      <Filter>Header Files</Filter>
    </ClInclude>
    <ClInclude Include="src\physics\solvers\rk2.hpp">
      <Filter>Header Files</Filter>
    </ClInclude>
    <ClInclude Include="src\physics\solvers\rk3.hpp">
      <Filter>Header Files</Filter>
    </ClInclude>
    <ClInclude Include="src\physics\solvers\rk4.hpp">
      <Filter>Header Files</Filter>
    </ClInclude>
    <ClInclude Include="src\physics\solvers\rk_high.hpp">
      <Filter>Header Files</Filter>
    </ClInclude>
    <ClInclude Include="src\physics\solvers\runge_kutta.hpp">
      <Filter>Header Files</Filter>
    </ClInclude>
    <ClInclude Include="src\physics\universe2d.hpp">
      <Filter>Header Files</Filter>
    </ClInclude>
    <ClInclude Include="src\planetarium\collision_event.hxx">
      <Filter>Header Files</Filter>
    </ClInclude>
    <ClInclude Include="src\planetarium\orbit_tracer.hxx">
      <Filter>Header Files</Filter>
    </ClInclude>
    <ClInclude Include="src\planetarium\physics2d_events_manager.hxx">
      <Filter>Header Files</Filter>
    </ClInclude>
    <ClInclude Include="src\planetarium\planetarium.hpp">
      <Filter>Header Files</Filter>
    </ClInclude>
    <ClInclude Include="src\planetarium\planetarium_pane.hpp">
      <Filter>Header Files</Filter>
    </ClInclude>
    <ClInclude Include="src\planetarium\planetarium_user_object.hxx">
      <Filter>Header Files</Filter>
    </ClInclude>
    <ClInclude Include="src\planetarium\state_manager.hxx">
      <Filter>Header Files</Filter>
    </ClInclude>
    <ClInclude Include="src\program_io.hpp">
      <Filter>Header Files</Filter>
    </ClInclude>
    <ClInclude Include="src\SDL_util.hpp">
      <Filter>Header Files</Filter>
    </ClInclude>
    <ClInclude Include="src\themes.hxx">
      <Filter>Header Files</Filter>
    </ClInclude>
    <ClInclude Include="src\version.h">
      <Filter>Header Files</Filter>
    </ClInclude>
    <ClInclude Include="src\widgets\abstract_layout.hpp">
      <Filter>Header Files</Filter>
    </ClInclude>
    <ClInclude Include="src\widgets\dialog_bgrwin.hpp">
      <Filter>Header Files</Filter>
    </ClInclude>
    <ClInclude Include="src\widgets\drop_menu.hpp">
      <Filter>Header Files</Filter>
    </ClInclude>
    <ClInclude Include="src\widgets\extra\abstract_list_model.hpp">
      <Filter>Header Files</Filter>
    </ClInclude>
    <ClInclude Include="src\widgets\extra\generic_list_win.hpp">
      <Filter>Header Files</Filter>
    </ClInclude>
    <ClInclude Include="src\widgets\extra\generic_spinner.hpp">
      <Filter>Header Files</Filter>
    </ClInclude>
    <ClInclude Include="src\widgets\extra\list_model.hpp">
      <Filter>Header Files</Filter>
    </ClInclude>
    <ClInclude Include="src\widgets\extra\list_model_extra.hpp">
      <Filter>Header Files</Filter>
    </ClInclude>
    <ClInclude Include="src\widgets\file_dialog.hpp">
      <Filter>Header Files</Filter>
    </ClInclude>
    <ClInclude Include="src\widgets\flow_layout.hpp">
      <Filter>Header Files</Filter>
    </ClInclude>
    <ClInclude Include="src\widgets\icon_button.hpp">
      <Filter>Header Files</Filter>
    </ClInclude>
    <ClInclude Include="src\widgets\label_win.hpp">
      <Filter>Header Files</Filter>
    </ClInclude>
    <ClInclude Include="src\widgets\list_selection_model.hpp">
      <Filter>Header Files</Filter>
    </ClInclude>
    <ClInclude Include="src\widgets\list_selection_model_extra.hpp">
      <Filter>Header Files</Filter>
    </ClInclude>
    <ClInclude Include="src\widgets\list_win.hpp">
      <Filter>Header Files</Filter>
    </ClInclude>
    <ClInclude Include="src\widgets\multi_line_text_renderer.hpp">
      <Filter>Header Files</Filter>
    </ClInclude>
    <ClInclude Include="src\widgets\scrollable_pane.hpp">
      <Filter>Header Files</Filter>
    </ClInclude>
    <ClInclude Include="src\widgets\spinner.hpp">
      <Filter>Header Files</Filter>
    </ClInclude>
    <ClInclude Include="src\widgets\tabs.hpp">
      <Filter>Header Files</Filter>
    </ClInclude>
    <ClInclude Include="src\widgets\tab_control.hpp">
      <Filter>Header Files</Filter>
    </ClInclude>
    <ClInclude Include="src\widgets\toogle_button.hpp">
      <Filter>Header Files</Filter>
    </ClInclude>
    <ClInclude Include="src\widgets\value_shower.hpp">
      <Filter>Header Files</Filter>
    </ClInclude>
    <ClInclude Include="src\widgets\widgets_debug.hpp">
      <Filter>Header Files</Filter>
    </ClInclude>
    <ClInclude Include="src\widgets\widgets_util.hpp">
      <Filter>Header Files</Filter>
    </ClInclude>
    <ClInclude Include="src_libs\futil\collection\actions.hpp">
      <Filter>Header Files</Filter>
    </ClInclude>
    <ClInclude Include="src_libs\futil\collection\iterable_queue.hpp">
      <Filter>Header Files</Filter>
    </ClInclude>
    <ClInclude Include="src_libs\futil\collection\map_actions.hpp">
      <Filter>Header Files</Filter>
    </ClInclude>
    <ClInclude Include="src_libs\futil\config.h">
      <Filter>Header Files</Filter>
    </ClInclude>
    <ClInclude Include="src_libs\futil\exception.hpp">
      <Filter>Header Files</Filter>
    </ClInclude>
    <ClInclude Include="src_libs\futil\general\byte.h">
      <Filter>Header Files</Filter>
    </ClInclude>
    <ClInclude Include="src_libs\futil\general\chrono.h">
      <Filter>Header Files</Filter>
    </ClInclude>
    <ClInclude Include="src_libs\futil\general\language.hpp">
      <Filter>Header Files</Filter>
    </ClInclude>
    <ClInclude Include="src_libs\futil\general\snprintf.h">
      <Filter>Header Files</Filter>
    </ClInclude>
    <ClInclude Include="src_libs\futil\listener.hpp">
      <Filter>Header Files</Filter>
    </ClInclude>
    <ClInclude Include="src_libs\futil\math\constants.h">
      <Filter>Header Files</Filter>
    </ClInclude>
    <ClInclude Include="src_libs\futil\math\gauss_random.h">
      <Filter>Header Files</Filter>
    </ClInclude>
    <ClInclude Include="src_libs\futil\math\more_random.h">
      <Filter>Header Files</Filter>
    </ClInclude>
    <ClInclude Include="src_libs\futil\math\parse_number.hpp">
      <Filter>Header Files</Filter>
    </ClInclude>
    <ClInclude Include="src_libs\futil\math\rect.hpp">
      <Filter>Header Files</Filter>
    </ClInclude>
    <ClInclude Include="src_libs\futil\math\round.h">
      <Filter>Header Files</Filter>
    </ClInclude>
    <ClInclude Include="src_libs\futil\string\actions.hpp">
      <Filter>Header Files</Filter>
    </ClInclude>
    <ClInclude Include="src_libs\futil\string\callbacks.hpp">
      <Filter>Header Files</Filter>
    </ClInclude>
    <ClInclude Include="src_libs\futil\string\more_operators.hpp">
      <Filter>Header Files</Filter>
    </ClInclude>
    <ClInclude Include="src_libs\futil\string\split.hpp">
      <Filter>Header Files</Filter>
    </ClInclude>
    <ClInclude Include="src_libs\futil\version.h">
      <Filter>Header Files</Filter>
    </ClInclude>
    <ClInclude Include="src_libs\SDL_widgets\compat.h">
      <Filter>Header Files</Filter>
    </ClInclude>
    <ClInclude Include="src_libs\SDL_widgets\config.h">
      <Filter>Header Files</Filter>
    </ClInclude>
    <ClInclude Include="src_libs\SDL_widgets\SDL_widgets.h">
      <Filter>Header Files</Filter>
    </ClInclude>
    <ClInclude Include="src_libs\SDL_widgets\sw-pixmaps.h">
      <Filter>Header Files</Filter>
    </ClInclude>
  </ItemGroup>
  <ItemGroup>
    <ClCompile Include="src\geometry\vector2d.cpp">
      <Filter>Source Files</Filter>
    </ClCompile>
    <ClCompile Include="src\main.cpp">
      <Filter>Source Files</Filter>
    </ClCompile>
    <ClCompile Include="src\main_window.cpp">
      <Filter>Source Files</Filter>
    </ClCompile>
    <ClCompile Include="src\physics\body2d.cpp">
      <Filter>Source Files</Filter>
    </ClCompile>
    <ClCompile Include="src\physics\physics2d.cpp">
      <Filter>Source Files</Filter>
    </ClCompile>
    <ClCompile Include="src\physics\physics2dsolver.cpp">
      <Filter>Source Files</Filter>
    </ClCompile>
    <ClCompile Include="src\physics\solvers\adams_bashforth.cpp">
      <Filter>Source Files</Filter>
    </ClCompile>
    <ClCompile Include="src\physics\solvers\adams_moulton.cpp">
      <Filter>Source Files</Filter>
    </ClCompile>
    <ClCompile Include="src\physics\solvers\butcher_tables.cpp">
      <Filter>Source Files</Filter>
    </ClCompile>
    <ClCompile Include="src\physics\solvers\euler.cpp">
      <Filter>Source Files</Filter>
    </ClCompile>
    <ClCompile Include="src\physics\solvers\multistep.cpp">
      <Filter>Source Files</Filter>
    </ClCompile>
    <ClCompile Include="src\physics\solvers\one_step.cpp">
      <Filter>Source Files</Filter>
    </ClCompile>
    <ClCompile Include="src\physics\solvers\rk2.cpp">
      <Filter>Source Files</Filter>
    </ClCompile>
    <ClCompile Include="src\physics\solvers\rk3.cpp">
      <Filter>Source Files</Filter>
    </ClCompile>
    <ClCompile Include="src\physics\solvers\rk4.cpp">
      <Filter>Source Files</Filter>
    </ClCompile>
    <ClCompile Include="src\physics\solvers\rk_high.cpp">
      <Filter>Source Files</Filter>
    </ClCompile>
    <ClCompile Include="src\physics\solvers\runge_kutta.cpp">
      <Filter>Source Files</Filter>
    </ClCompile>
    <ClCompile Include="src\physics\universe2d.cpp">
      <Filter>Source Files</Filter>
    </ClCompile>
    <ClCompile Include="src\planetarium\planetarium.cpp">
      <Filter>Source Files</Filter>
    </ClCompile>
    <ClCompile Include="src\planetarium\planetarium_pane.cpp">
      <Filter>Source Files</Filter>
    </ClCompile>
    <ClCompile Include="src\program_io.cpp">
      <Filter>Source Files</Filter>
    </ClCompile>
    <ClCompile Include="src\SDL_util.cpp">
      <Filter>Source Files</Filter>
    </ClCompile>
    <ClCompile Include="src\widgets\abstract_layout.cpp">
      <Filter>Source Files</Filter>
    </ClCompile>
    <ClCompile Include="src\widgets\dialog_bgrwin.cpp">
      <Filter>Source Files</Filter>
    </ClCompile>
    <ClCompile Include="src\widgets\drop_menu.cpp">
      <Filter>Source Files</Filter>
    </ClCompile>
    <ClCompile Include="src\widgets\extra\generic_list_win.cpp">
      <Filter>Source Files</Filter>
    </ClCompile>
    <ClCompile Include="src\widgets\extra\generic_spinner.cpp">
      <Filter>Source Files</Filter>
    </ClCompile>
    <ClCompile Include="src\widgets\extra\list_model.cpp">
      <Filter>Source Files</Filter>
    </ClCompile>
    <ClCompile Include="src\widgets\file_dialog.cpp">
      <Filter>Source Files</Filter>
    </ClCompile>
    <ClCompile Include="src\widgets\flow_layout.cpp">
      <Filter>Source Files</Filter>
    </ClCompile>
    <ClCompile Include="src\widgets\icon_button.cpp">
      <Filter>Source Files</Filter>
    </ClCompile>
    <ClCompile Include="src\widgets\label_win.cpp">
      <Filter>Source Files</Filter>
    </ClCompile>
    <ClCompile Include="src\widgets\list_selection_model.cpp">
      <Filter>Source Files</Filter>
    </ClCompile>
    <ClCompile Include="src\widgets\list_win.cpp">
      <Filter>Source Files</Filter>
    </ClCompile>
    <ClCompile Include="src\widgets\multi_line_text_renderer.cpp">
      <Filter>Source Files</Filter>
    </ClCompile>
    <ClCompile Include="src\widgets\scrollable_pane.cpp">
      <Filter>Source Files</Filter>
    </ClCompile>
    <ClCompile Include="src\widgets\spinner.cpp">
      <Filter>Source Files</Filter>
    </ClCompile>
    <ClCompile Include="src\widgets\tabs.cpp">
      <Filter>Source Files</Filter>
    </ClCompile>
    <ClCompile Include="src\widgets\tab_control.cpp">
      <Filter>Source Files</Filter>
    </ClCompile>
    <ClCompile Include="src\widgets\toogle_button.cpp">
      <Filter>Source Files</Filter>
    </ClCompile>
    <ClCompile Include="src\widgets\value_shower.cpp">
      <Filter>Source Files</Filter>
    </ClCompile>
    <ClCompile Include="src\widgets\widgets_debug.cpp">
      <Filter>Source Files</Filter>
    </ClCompile>
    <ClCompile Include="src\widgets\widgets_util.cpp">
      <Filter>Source Files</Filter>
    </ClCompile>
    <ClCompile Include="src_libs\futil\exception.cpp">
      <Filter>Source Files</Filter>
    </ClCompile>
    <ClCompile Include="src_libs\futil\general\chrono.cpp">
      <Filter>Source Files</Filter>
    </ClCompile>
    <ClCompile Include="src_libs\futil\general\snprintf.cpp">
      <Filter>Source Files</Filter>
    </ClCompile>
    <ClCompile Include="src_libs\futil\math\gauss_random.cpp">
      <Filter>Source Files</Filter>
    </ClCompile>
    <ClCompile Include="src_libs\futil\math\more_random.cpp">
      <Filter>Source Files</Filter>
    </ClCompile>
    <ClCompile Include="src_libs\futil\math\parse_number.cpp">
      <Filter>Source Files</Filter>
    </ClCompile>
    <ClCompile Include="src_libs\futil\math\round.cpp">
      <Filter>Source Files</Filter>
    </ClCompile>
    <ClCompile Include="src_libs\futil\string\actions.cpp">
      <Filter>Source Files</Filter>
    </ClCompile>
    <ClCompile Include="src_libs\futil\string\more_operators.cpp">
      <Filter>Source Files</Filter>
    </ClCompile>
    <ClCompile Include="src_libs\futil\string\split.cpp">
      <Filter>Source Files</Filter>
    </ClCompile>
    <ClCompile Include="src_libs\SDL_widgets\SDL_widgets.cpp">
      <Filter>Source Files</Filter>
    </ClCompile>
  </ItemGroup>
</Project>